# Generated by pub
# See https://dart.dev/tools/pub/glossary#lockfile
packages:
  actionlib_msgs:
    dependency: transitive
    description:
      name: actionlib_msgs
      sha256: "685659c2c08cb8010b84252a73efb9c86bbb5b080e5aefaebb401cf9d85513dc"
      url: "https://pub.dev"
    source: hosted
    version: "0.1.0"
  buffer:
    dependency: "direct main"
    description:
      name: buffer
      sha256: "94f60815065a8f0fd4f05be51faf86cf86519327e039d5c2aac72e1d1cc1dad4"
      url: "https://pub.dev"
    source: hosted
    version: "1.2.2"
  dartros_msgutils:
    dependency: "direct main"
    description:
      name: dartros_msgutils
      sha256: "3d9a06f7d18859c12eb97f7b451211edadc109cc6dc838be75611441d675520d"
      url: "https://pub.dev"
    source: hosted
    version: "0.1.0+2"
  geometry_msgs:
    dependency: "direct main"
    description:
      name: geometry_msgs
      sha256: e2ecef3038b01b49686e8f43d2db99e57d4bd1b145fbff1ae6e9e17ef7308c31
      url: "https://pub.dev"
    source: hosted
    version: "0.1.0"
  std_msgs:
    dependency: "direct main"
    description:
      name: std_msgs
      sha256: "424534812c447548c13f1755e35e66fcb718d2869fa1864c167b1cf1ff398e79"
      url: "https://pub.dev"
    source: hosted
    version: "0.1.0"
sdks:
  dart: ">=2.12.0 <4.0.0"
